
Microsoft Visual Studio Solution File, Format Version 12.00
# Visual Studio 2012
Project("{FAE04EC0-301F-11D3-BF4B-00C04F79EFBC}") = "League.Com.Tests", "Tests\League.Com.Tests.csproj", "{04F935FB-BE7A-4AE1-81FE-72950C7B97E6}"
EndProject
Project("{FAE04EC0-301F-11D3-BF4B-00C04F79EFBC}") = "Framework", "Framework\Framework.csproj", "{CCFF45A2-3672-451D-80DB-DF221D4A4383}"
EndProject
Project("{FAE04EC0-301F-11D3-BF4B-00C04F79EFBC}") = "League.Com", "League.Com\League.Com.csproj", "{20457779-3A50-4A57-B505-3708BEBA7830}"
EndProject
Global
	GlobalSection(SolutionConfigurationPlatforms) = preSolution
		Debug|Any CPU = Debug|Any CPU
		Release|Any CPU = Release|Any CPU
	EndGlobalSection
	GlobalSection(ProjectConfigurationPlatforms) = postSolution
		{04F935FB-BE7A-4AE1-81FE-72950C7B97E6}.Debug|Any CPU.ActiveCfg = Debug|Any CPU
		{04F935FB-BE7A-4AE1-81FE-72950C7B97E6}.Debug|Any CPU.Build.0 = Debug|Any CPU
		{04F935FB-BE7A-4AE1-81FE-72950C7B97E6}.Release|Any CPU.ActiveCfg = Release|Any CPU
		{04F935FB-BE7A-4AE1-81FE-72950C7B97E6}.Release|Any CPU.Build.0 = Release|Any CPU
		{CCFF45A2-3672-451D-80DB-DF221D4A4383}.Debug|Any CPU.ActiveCfg = Debug|Any CPU
		{CCFF45A2-3672-451D-80DB-DF221D4A4383}.Debug|Any CPU.Build.0 = Debug|Any CPU
		{CCFF45A2-3672-451D-80DB-DF221D4A4383}.Release|Any CPU.ActiveCfg = Release|Any CPU
		{CCFF45A2-3672-451D-80DB-DF221D4A4383}.Release|Any CPU.Build.0 = Release|Any CPU
		{20457779-3A50-4A57-B505-3708BEBA7830}.Debug|Any CPU.ActiveCfg = Debug|Any CPU
		{20457779-3A50-4A57-B505-3708BEBA7830}.Debug|Any CPU.Build.0 = Debug|Any CPU
		{20457779-3A50-4A57-B505-3708BEBA7830}.Release|Any CPU.ActiveCfg = Release|Any CPU
		{20457779-3A50-4A57-B505-3708BEBA7830}.Release|Any CPU.Build.0 = Release|Any CPU
	EndGlobalSection
EndGlobal
